// !$*UTF8*$!
{
	archiveVersion = 1;
	classes = {
	};
	objectVersion = 56;
	objects = {

/* Begin PBXBuildFile section */
		9CB1E25A2C51ECB700B977B0 /* AppDelegate.swift in Sources */ = {isa = PBXBuildFile; fileRef = 9CB1E2592C51ECB700B977B0 /* AppDelegate.swift */; };
		9CB1E25C2C51ECB700B977B0 /* SceneDelegate.swift in Sources */ = {isa = PBXBuildFile; fileRef = 9CB1E25B2C51ECB700B977B0 /* SceneDelegate.swift */; };
		9CB1E25E2C51ECB700B977B0 /* ViewController.swift in Sources */ = {isa = PBXBuildFile; fileRef = 9CB1E25D2C51ECB700B977B0 /* ViewController.swift */; };
		9CB1E2612C51ECB700B977B0 /* Base in Resources */ = {isa = PBXBuildFile; fileRef = 9CB1E2602C51ECB700B977B0 /* Base */; };
		9CB1E2632C51ECB800B977B0 /* Assets.xcassets in Resources */ = {isa = PBXBuildFile; fileRef = 9CB1E2622C51ECB800B977B0 /* Assets.xcassets */; };
		9CB1E2662C51ECB800B977B0 /* Base in Resources */ = {isa = PBXBuildFile; fileRef = 9CB1E2652C51ECB800B977B0 /* Base */; };
		9CB1E2712C51ECB800B977B0 /* udderTests.swift in Sources */ = {isa = PBXBuildFile; fileRef = 9CB1E2702C51ECB800B977B0 /* udderTests.swift */; };
		9CB1E27B2C51ECB800B977B0 /* udderUITests.swift in Sources */ = {isa = PBXBuildFile; fileRef = 9CB1E27A2C51ECB800B977B0 /* udderUITests.swift */; };
		9CB1E27D2C51ECB800B977B0 /* udderUITestsLaunchTests.swift in Sources */ = {isa = PBXBuildFile; fileRef = 9CB1E27C2C51ECB800B977B0 /* udderUITestsLaunchTests.swift */; };
/* End PBXBuildFile section */

/* Begin PBXContainerItemProxy section */
		9CB1E26D2C51ECB800B977B0 /* PBXContainerItemProxy */ = {
			isa = PBXContainerItemProxy;
			containerPortal = 9CB1E24E2C51ECB700B977B0 /* Project object */;
			proxyType = 1;
			remoteGlobalIDString = 9CB1E2552C51ECB700B977B0;
			remoteInfo = udder;
		};
		9CB1E2772C51ECB800B977B0 /* PBXContainerItemProxy */ = {
			isa = PBXContainerItemProxy;
			containerPortal = 9CB1E24E2C51ECB700B977B0 /* Project object */;
			proxyType = 1;
			remoteGlobalIDString = 9CB1E2552C51ECB700B977B0;
			remoteInfo = udder;
		};
/* End PBXContainerItemProxy section */

/* Begin PBXFileReference section */
		9CB1E2562C51ECB700B977B0 /* udder.app */ = {isa = PBXFileReference; explicitFileType = wrapper.application; includeInIndex = 0; path = udder.app; sourceTree = BUILT_PRODUCTS_DIR; };
		9CB1E2592C51ECB700B977B0 /* AppDelegate.swift */ = {isa = PBXFileReference; lastKnownFileType = sourcecode.swift; path = AppDelegate.swift; sourceTree = "<group>"; };
		9CB1E25B2C51ECB700B977B0 /* SceneDelegate.swift */ = {isa = PBXFileReference; lastKnownFileType = sourcecode.swift; path = SceneDelegate.swift; sourceTree = "<group>"; };
		9CB1E25D2C51ECB700B977B0 /* ViewController.swift */ = {isa = PBXFileReference; lastKnownFileType = sourcecode.swift; path = ViewController.swift; sourceTree = "<group>"; };
		9CB1E2602C51ECB700B977B0 /* Base */ = {isa = PBXFileReference; lastKnownFileType = file.storyboard; name = Base; path = Base.lproj/Main.storyboard; sourceTree = "<group>"; };
		9CB1E2622C51ECB800B977B0 /* Assets.xcassets */ = {isa = PBXFileReference; lastKnownFileType = folder.assetcatalog; path = Assets.xcassets; sourceTree = "<group>"; };
		9CB1E2652C51ECB800B977B0 /* Base */ = {isa = PBXFileReference; lastKnownFileType = file.storyboard; name = Base; path = Base.lproj/LaunchScreen.storyboard; sourceTree = "<group>"; };
		9CB1E2672C51ECB800B977B0 /* Info.plist */ = {isa = PBXFileReference; lastKnownFileType = text.plist.xml; path = Info.plist; sourceTree = "<group>"; };
		9CB1E26C2C51ECB800B977B0 /* udderTests.xctest */ = {isa = PBXFileReference; explicitFileType = wrapper.cfbundle; includeInIndex = 0; path = udderTests.xctest; sourceTree = BUILT_PRODUCTS_DIR; };
		9CB1E2702C51ECB800B977B0 /* udderTests.swift */ = {isa = PBXFileReference; lastKnownFileType = sourcecode.swift; path = udderTests.swift; sourceTree = "<group>"; };
		9CB1E2762C51ECB800B977B0 /* udderUITests.xctest */ = {isa = PBXFileReference; explicitFileType = wrapper.cfbundle; includeInIndex = 0; path = udderUITests.xctest; sourceTree = BUILT_PRODUCTS_DIR; };
		9CB1E27A2C51ECB800B977B0 /* udderUITests.swift */ = {isa = PBXFileReference; lastKnownFileType = sourcecode.swift; path = udderUITests.swift; sourceTree = "<group>"; };
		9CB1E27C2C51ECB800B977B0 /* udderUITestsLaunchTests.swift */ = {isa = PBXFileReference; lastKnownFileType = sourcecode.swift; path = udderUITestsLaunchTests.swift; sourceTree = "<group>"; };
/* End PBXFileReference section */

/* Begin PBXFrameworksBuildPhase section */
		9CB1E2532C51ECB700B977B0 /* Frameworks */ = {
			isa = PBXFrameworksBuildPhase;
			buildActionMask = 2147483647;
			files = (
			);
			runOnlyForDeploymentPostprocessing = 0;
		};
		9CB1E2692C51ECB800B977B0 /* Frameworks */ = {
			isa = PBXFrameworksBuildPhase;
			buildActionMask = 2147483647;
			files = (
			);
			runOnlyForDeploymentPostprocessing = 0;
		};
		9CB1E2732C51ECB800B977B0 /* Frameworks */ = {
			isa = PBXFrameworksBuildPhase;
			buildActionMask = 2147483647;
			files = (
			);
			runOnlyForDeploymentPostprocessing = 0;
		};
/* End PBXFrameworksBuildPhase section */

/* Begin PBXGroup section */
		9CB1E24D2C51ECB700B977B0 = {
			isa = PBXGroup;
			children = (
				9CB1E2582C51ECB700B977B0 /* udder */,
				9CB1E26F2C51ECB800B977B0 /* udderTests */,
				9CB1E2792C51ECB800B977B0 /* udderUITests */,
				9CB1E2572C51ECB700B977B0 /* Products */,
			);
			sourceTree = "<group>";
		};
		9CB1E2572C51ECB700B977B0 /* Products */ = {
			isa = PBXGroup;
			children = (
				9CB1E2562C51ECB700B977B0 /* udder.app */,
				9CB1E26C2C51ECB800B977B0 /* udderTests.xctest */,
				9CB1E2762C51ECB800B977B0 /* udderUITests.xctest */,
			);
			name = Products;
			sourceTree = "<group>";
		};
		9CB1E2582C51ECB700B977B0 /* udder */ = {
			isa = PBXGroup;
			children = (
				9CB1E2592C51ECB700B977B0 /* AppDelegate.swift */,
				9CB1E25B2C51ECB700B977B0 /* SceneDelegate.swift */,
				9CB1E25D2C51ECB700B977B0 /* ViewController.swift */,
				9CB1E25F2C51ECB700B977B0 /* Main.storyboard */,
				9CB1E2622C51ECB800B977B0 /* Assets.xcassets */,
				9CB1E2642C51ECB800B977B0 /* LaunchScreen.storyboard */,
				9CB1E2672C51ECB800B977B0 /* Info.plist */,
			);
			path = udder;
			sourceTree = "<group>";
		};
		9CB1E26F2C51ECB800B977B0 /* udderTests */ = {
			isa = PBXGroup;
			children = (
				9CB1E2702C51ECB800B977B0 /* udderTests.swift */,
			);
			path = udderTests;
			sourceTree = "<group>";
		};
		9CB1E2792C51ECB800B977B0 /* udderUITests */ = {
			isa = PBXGroup;
			children = (
				9CB1E27A2C51ECB800B977B0 /* udderUITests.swift */,
				9CB1E27C2C51ECB800B977B0 /* udderUITestsLaunchTests.swift */,
			);
			path = udderUITests;
			sourceTree = "<group>";
		};
/* End PBXGroup section */

/* Begin PBXNativeTarget section */
		9CB1E2552C51ECB700B977B0 /* udder */ = {
			isa = PBXNativeTarget;
			buildConfigurationList = 9CB1E2802C51ECB800B977B0 /* Build configuration list for PBXNativeTarget "udder" */;
			buildPhases = (
				9CB1E2522C51ECB700B977B0 /* Sources */,
				9CB1E2532C51ECB700B977B0 /* Frameworks */,
				9CB1E2542C51ECB700B977B0 /* Resources */,
			);
			buildRules = (
			);
			dependencies = (
			);
			name = udder;
			productName = udder;
			productReference = 9CB1E2562C51ECB700B977B0 /* udder.app */;
			productType = "com.apple.product-type.application";
		};
		9CB1E26B2C51ECB800B977B0 /* udderTests */ = {
			isa = PBXNativeTarget;
			buildConfigurationList = 9CB1E2832C51ECB800B977B0 /* Build configuration list for PBXNativeTarget "udderTests" */;
			buildPhases = (
				9CB1E2682C51ECB800B977B0 /* Sources */,
				9CB1E2692C51ECB800B977B0 /* Frameworks */,
				9CB1E26A2C51ECB800B977B0 /* Resources */,
			);
			buildRules = (
			);
			dependencies = (
				9CB1E26E2C51ECB800B977B0 /* PBXTargetDependency */,
			);
			name = udderTests;
			productName = udderTests;
			productReference = 9CB1E26C2C51ECB800B977B0 /* udderTests.xctest */;
			productType = "com.apple.product-type.bundle.unit-test";
		};
		9CB1E2752C51ECB800B977B0 /* udderUITests */ = {
			isa = PBXNativeTarget;
			buildConfigurationList = 9CB1E2862C51ECB800B977B0 /* Build configuration list for PBXNativeTarget "udderUITests" */;
			buildPhases = (
				9CB1E2722C51ECB800B977B0 /* Sources */,
				9CB1E2732C51ECB800B977B0 /* Frameworks */,
				9CB1E2742C51ECB800B977B0 /* Resources */,
			);
			buildRules = (
			);
			dependencies = (
				9CB1E2782C51ECB800B977B0 /* PBXTargetDependency */,
			);
			name = udderUITests;
			productName = udderUITests;
			productReference = 9CB1E2762C51ECB800B977B0 /* udderUITests.xctest */;
			productType = "com.apple.product-type.bundle.ui-testing";
		};
/* End PBXNativeTarget section */

/* Begin PBXProject section */
		9CB1E24E2C51ECB700B977B0 /* Project object */ = {
			isa = PBXProject;
			attributes = {
				BuildIndependentTargetsInParallel = 1;
				LastSwiftUpdateCheck = 1540;
				LastUpgradeCheck = 1540;
				TargetAttributes = {
					9CB1E2552C51ECB700B977B0 = {
						CreatedOnToolsVersion = 15.4;
					};
					9CB1E26B2C51ECB800B977B0 = {
						CreatedOnToolsVersion = 15.4;
						TestTargetID = 9CB1E2552C51ECB700B977B0;
					};
					9CB1E2752C51ECB800B977B0 = {
						CreatedOnToolsVersion = 15.4;
						TestTargetID = 9CB1E2552C51ECB700B977B0;
					};
				};
			};
			buildConfigurationList = 9CB1E2512C51ECB700B977B0 /* Build configuration list for PBXProject "udder" */;
			compatibilityVersion = "Xcode 14.0";
			developmentRegion = en;
			hasScannedForEncodings = 0;
			knownRegions = (
				en,
				Base,
			);
			mainGroup = 9CB1E24D2C51ECB700B977B0;
			productRefGroup = 9CB1E2572C51ECB700B977B0 /* Products */;
			projectDirPath = "";
			projectRoot = "";
			targets = (
				9CB1E2552C51ECB700B977B0 /* udder */,
				9CB1E26B2C51ECB800B977B0 /* udderTests */,
				9CB1E2752C51ECB800B977B0 /* udderUITests */,
			);
		};
/* End PBXProject section */

/* Begin PBXResourcesBuildPhase section */
		9CB1E2542C51ECB700B977B0 /* Resources */ = {
			isa = PBXResourcesBuildPhase;
			buildActionMask = 2147483647;
			files = (
				9CB1E2632C51ECB800B977B0 /* Assets.xcassets in Resources */,
				9CB1E2662C51ECB800B977B0 /* Base in Resources */,
				9CB1E2612C51ECB700B977B0 /* Base in Resources */,
			);
			runOnlyForDeploymentPostprocessing = 0;
		};
		9CB1E26A2C51ECB800B977B0 /* Resources */ = {
			isa = PBXResourcesBuildPhase;
			buildActionMask = 2147483647;
			files = (
			);
			runOnlyForDeploymentPostprocessing = 0;
		};
		9CB1E2742C51ECB800B977B0 /* Resources */ = {
			isa = PBXResourcesBuildPhase;
			buildActionMask = 2147483647;
			files = (
			);
			runOnlyForDeploymentPostprocessing = 0;
		};
/* End PBXResourcesBuildPhase section */

/* Begin PBXSourcesBuildPhase section */
		9CB1E2522C51ECB700B977B0 /* Sources */ = {
			isa = PBXSourcesBuildPhase;
			buildActionMask = 2147483647;
			files = (
				9CB1E25E2C51ECB700B977B0 /* ViewController.swift in Sources */,
				9CB1E25A2C51ECB700B977B0 /* AppDelegate.swift in Sources */,
				9CB1E25C2C51ECB700B977B0 /* SceneDelegate.swift in Sources */,
			);
			runOnlyForDeploymentPostprocessing = 0;
		};
		9CB1E2682C51ECB800B977B0 /* Sources */ = {
			isa = PBXSourcesBuildPhase;
			buildActionMask = 2147483647;
			files = (
				9CB1E2712C51ECB800B977B0 /* udderTests.swift in Sources */,
			);
			runOnlyForDeploymentPostprocessing = 0;
		};
		9CB1E2722C51ECB800B977B0 /* Sources */ = {
			isa = PBXSourcesBuildPhase;
			buildActionMask = 2147483647;
			files = (
				9CB1E27B2C51ECB800B977B0 /* udderUITests.swift in Sources */,
				9CB1E27D2C51ECB800B977B0 /* udderUITestsLaunchTests.swift in Sources */,
			);
			runOnlyForDeploymentPostprocessing = 0;
		};
/* End PBXSourcesBuildPhase section */

/* Begin PBXTargetDependency section */
		9CB1E26E2C51ECB800B977B0 /* PBXTargetDependency */ = {
			isa = PBXTargetDependency;
			target = 9CB1E2552C51ECB700B977B0 /* udder */;
			targetProxy = 9CB1E26D2C51ECB800B977B0 /* PBXContainerItemProxy */;
		};
		9CB1E2782C51ECB800B977B0 /* PBXTargetDependency */ = {
			isa = PBXTargetDependency;
			target = 9CB1E2552C51ECB700B977B0 /* udder */;
			targetProxy = 9CB1E2772C51ECB800B977B0 /* PBXContainerItemProxy */;
		};
/* End PBXTargetDependency section */

/* Begin PBXVariantGroup section */
		9CB1E25F2C51ECB700B977B0 /* Main.storyboard */ = {
			isa = PBXVariantGroup;
			children = (
				9CB1E2602C51ECB700B977B0 /* Base */,
			);
			name = Main.storyboard;
			sourceTree = "<group>";
		};
		9CB1E2642C51ECB800B977B0 /* LaunchScreen.storyboard */ = {
			isa = PBXVariantGroup;
			children = (
				9CB1E2652C51ECB800B977B0 /* Base */,
			);
			name = LaunchScreen.storyboard;
			sourceTree = "<group>";
		};
/* End PBXVariantGroup section */

/* Begin XCBuildConfiguration section */
		9CB1E27E2C51ECB800B977B0 /* Debug */ = {
			isa = XCBuildConfiguration;
			buildSettings = {
				ALWAYS_SEARCH_USER_PATHS = NO;
				ASSETCATALOG_COMPILER_GENERATE_SWIFT_ASSET_SYMBOL_EXTENSIONS = YES;
				CLANG_ANALYZER_NONNULL = YES;
				CLANG_ANALYZER_NUMBER_OBJECT_CONVERSION = YES_AGGRESSIVE;
				CLANG_CXX_LANGUAGE_STANDARD = "gnu++20";
				CLANG_ENABLE_MODULES = YES;
				CLANG_ENABLE_OBJC_ARC = YES;
				CLANG_ENABLE_OBJC_WEAK = YES;
				CLANG_WARN_BLOCK_CAPTURE_AUTORELEASING = YES;
				CLANG_WARN_BOOL_CONVERSION = YES;
				CLANG_WARN_COMMA = YES;
				CLANG_WARN_CONSTANT_CONVERSION = YES;
				CLANG_WARN_DEPRECATED_OBJC_IMPLEMENTATIONS = YES;
				CLANG_WARN_DIRECT_OBJC_ISA_USAGE = YES_ERROR;
				CLANG_WARN_DOCUMENTATION_COMMENTS = YES;
				CLANG_WARN_EMPTY_BODY = YES;
				CLANG_WARN_ENUM_CONVERSION = YES;
				CLANG_WARN_INFINITE_RECURSION = YES;
				CLANG_WARN_INT_CONVERSION = YES;
				CLANG_WARN_NON_LITERAL_NULL_CONVERSION = YES;
				CLANG_WARN_OBJC_IMPLICIT_RETAIN_SELF = YES;
				CLANG_WARN_OBJC_LITERAL_CONVERSION = YES;
				CLANG_WARN_OBJC_ROOT_CLASS = YES_ERROR;
				CLANG_WARN_QUOTED_INCLUDE_IN_FRAMEWORK_HEADER = YES;
				CLANG_WARN_RANGE_LOOP_ANALYSIS = YES;
				CLANG_WARN_STRICT_PROTOTYPES = YES;
				CLANG_WARN_SUSPICIOUS_MOVE = YES;
				CLANG_WARN_UNGUARDED_AVAILABILITY = YES_AGGRESSIVE;
				CLANG_WARN_UNREACHABLE_CODE = YES;
				CLANG_WARN__DUPLICATE_METHOD_MATCH = YES;
				COPY_PHASE_STRIP = NO;
				DEBUG_INFORMATION_FORMAT = dwarf;
				ENABLE_STRICT_OBJC_MSGSEND = YES;
				ENABLE_TESTABILITY = YES;
				ENABLE_USER_SCRIPT_SANDBOXING = YES;
				GCC_C_LANGUAGE_STANDARD = gnu17;
				GCC_DYNAMIC_NO_PIC = NO;
				GCC_NO_COMMON_BLOCKS = YES;
				GCC_OPTIMIZATION_LEVEL = 0;
				GCC_PREPROCESSOR_DEFINITIONS = (
					"DEBUG=1",
					"$(inherited)",
				);
				GCC_WARN_64_TO_32_BIT_CONVERSION = YES;
				GCC_WARN_ABOUT_RETURN_TYPE = YES_ERROR;
				GCC_WARN_UNDECLARED_SELECTOR = YES;
				GCC_WARN_UNINITIALIZED_AUTOS = YES_AGGRESSIVE;
				GCC_WARN_UNUSED_FUNCTION = YES;
				GCC_WARN_UNUSED_VARIABLE = YES;
				IPHONEOS_DEPLOYMENT_TARGET = 17.5;
				LOCALIZATION_PREFERS_STRING_CATALOGS = YES;
				MTL_ENABLE_DEBUG_INFO = INCLUDE_SOURCE;
				MTL_FAST_MATH = YES;
				ONLY_ACTIVE_ARCH = YES;
				SDKROOT = iphoneos;
				SWIFT_ACTIVE_COMPILATION_CONDITIONS = "DEBUG $(inherited)";
				SWIFT_OPTIMIZATION_LEVEL = "-Onone";
			};
			name = Debug;
		};
		9CB1E27F2C51ECB800B977B0 /* Release */ = {
			isa = XCBuildConfiguration;
			buildSettings = {
				ALWAYS_SEARCH_USER_PATHS = NO;
				ASSETCATALOG_COMPILER_GENERATE_SWIFT_ASSET_SYMBOL_EXTENSIONS = YES;
				CLANG_ANALYZER_NONNULL = YES;
				CLANG_ANALYZER_NUMBER_OBJECT_CONVERSION = YES_AGGRESSIVE;
				CLANG_CXX_LANGUAGE_STANDARD = "gnu++20";
				CLANG_ENABLE_MODULES = YES;
				CLANG_ENABLE_OBJC_ARC = YES;
				CLANG_ENABLE_OBJC_WEAK = YES;
				CLANG_WARN_BLOCK_CAPTURE_AUTORELEASING = YES;
				CLANG_WARN_BOOL_CONVERSION = YES;
				CLANG_WARN_COMMA = YES;
				CLANG_WARN_CONSTANT_CONVERSION = YES;
				CLANG_WARN_DEPRECATED_OBJC_IMPLEMENTATIONS = YES;
				CLANG_WARN_DIRECT_OBJC_ISA_USAGE = YES_ERROR;
				CLANG_WARN_DOCUMENTATION_COMMENTS = YES;
				CLANG_WARN_EMPTY_BODY = YES;
				CLANG_WARN_ENUM_CONVERSION = YES;
				CLANG_WARN_INFINITE_RECURSION = YES;
				CLANG_WARN_INT_CONVERSION = YES;
				CLANG_WARN_NON_LITERAL_NULL_CONVERSION = YES;
				CLANG_WARN_OBJC_IMPLICIT_RETAIN_SELF = YES;
				CLANG_WARN_OBJC_LITERAL_CONVERSION = YES;
				CLANG_WARN_OBJC_ROOT_CLASS = YES_ERROR;
				CLANG_WARN_QUOTED_INCLUDE_IN_FRAMEWORK_HEADER = YES;
				CLANG_WARN_RANGE_LOOP_ANALYSIS = YES;
				CLANG_WARN_STRICT_PROTOTYPES = YES;
				CLANG_WARN_SUSPICIOUS_MOVE = YES;
				CLANG_WARN_UNGUARDED_AVAILABILITY = YES_AGGRESSIVE;
				CLANG_WARN_UNREACHABLE_CODE = YES;
				CLANG_WARN__DUPLICATE_METHOD_MATCH = YES;
				COPY_PHASE_STRIP = NO;
				DEBUG_INFORMATION_FORMAT = "dwarf-with-dsym";
				ENABLE_NS_ASSERTIONS = NO;
				ENABLE_STRICT_OBJC_MSGSEND = YES;
				ENABLE_USER_SCRIPT_SANDBOXING = YES;
				GCC_C_LANGUAGE_STANDARD = gnu17;
				GCC_NO_COMMON_BLOCKS = YES;
				GCC_WARN_64_TO_32_BIT_CONVERSION = YES;
				GCC_WARN_ABOUT_RETURN_TYPE = YES_ERROR;
				GCC_WARN_UNDECLARED_SELECTOR = YES;
				GCC_WARN_UNINITIALIZED_AUTOS = YES_AGGRESSIVE;
				GCC_WARN_UNUSED_FUNCTION = YES;
				GCC_WARN_UNUSED_VARIABLE = YES;
				IPHONEOS_DEPLOYMENT_TARGET = 17.5;
				LOCALIZATION_PREFERS_STRING_CATALOGS = YES;
				MTL_ENABLE_DEBUG_INFO = NO;
				MTL_FAST_MATH = YES;
				SDKROOT = iphoneos;
				SWIFT_COMPILATION_MODE = wholemodule;
				VALIDATE_PRODUCT = YES;
			};
			name = Release;
		};
		9CB1E2812C51ECB800B977B0 /* Debug */ = {
			isa = XCBuildConfiguration;
			buildSettings = {
				ASSETCATALOG_COMPILER_APPICON_NAME = AppIcon;
				ASSETCATALOG_COMPILER_GLOBAL_ACCENT_COLOR_NAME = AccentColor;
				CODE_SIGN_STYLE = Automatic;
				CURRENT_PROJECT_VERSION = 1;
				DEVELOPMENT_TEAM = MX2MHX42V4;
				GENERATE_INFOPLIST_FILE = YES;
				INFOPLIST_FILE = udder/Info.plist;
				INFOPLIST_KEY_UIApplicationSupportsIndirectInputEvents = YES;
				INFOPLIST_KEY_UILaunchStoryboardName = LaunchScreen;
				INFOPLIST_KEY_UIMainStoryboardFile = Main;
				INFOPLIST_KEY_UISupportedInterfaceOrientations_iPad = "UIInterfaceOrientationPortrait UIInterfaceOrientationPortraitUpsideDown UIInterfaceOrientationLandscapeLeft UIInterfaceOrientationLandscapeRight";
				INFOPLIST_KEY_UISupportedInterfaceOrientations_iPhone = "UIInterfaceOrientationPortrait UIInterfaceOrientationLandscapeLeft UIInterfaceOrientationLandscapeRight";
				LD_RUNPATH_SEARCH_PATHS = (
					"$(inherited)",
					"@executable_path/Frameworks",
				);
				MARKETING_VERSION = 1.0;
				PRODUCT_BUNDLE_IDENTIFIER = kvn.udder;
				PRODUCT_NAME = "$(TARGET_NAME)";
				SWIFT_EMIT_LOC_STRINGS = YES;
				SWIFT_VERSION = 5.0;
				TARGETED_DEVICE_FAMILY = "1,2";
			};
			name = Debug;
		};
		9CB1E2822C51ECB800B977B0 /* Release */ = {
			isa = XCBuildConfiguration;
			buildSettings = {
				ASSETCATALOG_COMPILER_APPICON_NAME = AppIcon;
				ASSETCATALOG_COMPILER_GLOBAL_ACCENT_COLOR_NAME = AccentColor;
				CODE_SIGN_STYLE = Automatic;
				CURRENT_PROJECT_VERSION = 1;
				DEVELOPMENT_TEAM = MX2MHX42V4;
				GENERATE_INFOPLIST_FILE = YES;
				INFOPLIST_FILE = udder/Info.plist;
				INFOPLIST_KEY_UIApplicationSupportsIndirectInputEvents = YES;
				INFOPLIST_KEY_UILaunchStoryboardName = LaunchScreen;
				INFOPLIST_KEY_UIMainStoryboardFile = Main;
				INFOPLIST_KEY_UISupportedInterfaceOrientations_iPad = "UIInterfaceOrientationPortrait UIInterfaceOrientationPortraitUpsideDown UIInterfaceOrientationLandscapeLeft UIInterfaceOrientationLandscapeRight";
				INFOPLIST_KEY_UISupportedInterfaceOrientations_iPhone = "UIInterfaceOrientationPortrait UIInterfaceOrientationLandscapeLeft UIInterfaceOrientationLandscapeRight";
				LD_RUNPATH_SEARCH_PATHS = (
					"$(inherited)",
					"@executable_path/Frameworks",
				);
				MARKETING_VERSION = 1.0;
				PRODUCT_BUNDLE_IDENTIFIER = kvn.udder;
				PRODUCT_NAME = "$(TARGET_NAME)";
				SWIFT_EMIT_LOC_STRINGS = YES;
				SWIFT_VERSION = 5.0;
				TARGETED_DEVICE_FAMILY = "1,2";
			};
			name = Release;
		};
		9CB1E2842C51ECB800B977B0 /* Debug */ = {
			isa = XCBuildConfiguration;
			buildSettings = {
				ALWAYS_EMBED_SWIFT_STANDARD_LIBRARIES = YES;
				BUNDLE_LOADER = "$(TEST_HOST)";
				CODE_SIGN_STYLE = Automatic;
				CURRENT_PROJECT_VERSION = 1;
				DEVELOPMENT_TEAM = MX2MHX42V4;
				GENERATE_INFOPLIST_FILE = YES;
				IPHONEOS_DEPLOYMENT_TARGET = 17.5;
				MARKETING_VERSION = 1.0;
				PRODUCT_BUNDLE_IDENTIFIER = kvn.udderTests;
				PRODUCT_NAME = "$(TARGET_NAME)";
				SWIFT_EMIT_LOC_STRINGS = NO;
				SWIFT_VERSION = 5.0;
				TARGETED_DEVICE_FAMILY = "1,2";
				TEST_HOST = "$(BUILT_PRODUCTS_DIR)/udder.app/$(BUNDLE_EXECUTABLE_FOLDER_PATH)/udder";
			};
			name = Debug;
		};
		9CB1E2852C51ECB800B977B0 /* Release */ = {
			isa = XCBuildConfiguration;
			buildSettings = {
				ALWAYS_EMBED_SWIFT_STANDARD_LIBRARIES = YES;
				BUNDLE_LOADER = "$(TEST_HOST)";
				CODE_SIGN_STYLE = Automatic;
				CURRENT_PROJECT_VERSION = 1;
				DEVELOPMENT_TEAM = MX2MHX42V4;
				GENERATE_INFOPLIST_FILE = YES;
				IPHONEOS_DEPLOYMENT_TARGET = 17.5;
				MARKETING_VERSION = 1.0;
				PRODUCT_BUNDLE_IDENTIFIER = kvn.udderTests;
				PRODUCT_NAME = "$(TARGET_NAME)";
				SWIFT_EMIT_LOC_STRINGS = NO;
				SWIFT_VERSION = 5.0;
				TARGETED_DEVICE_FAMILY = "1,2";
				TEST_HOST = "$(BUILT_PRODUCTS_DIR)/udder.app/$(BUNDLE_EXECUTABLE_FOLDER_PATH)/udder";
			};
			name = Release;
		};
		9CB1E2872C51ECB800B977B0 /* Debug */ = {
			isa = XCBuildConfiguration;
			buildSettings = {
				ALWAYS_EMBED_SWIFT_STANDARD_LIBRARIES = YES;
				CODE_SIGN_STYLE = Automatic;
				CURRENT_PROJECT_VERSION = 1;
				DEVELOPMENT_TEAM = MX2MHX42V4;
				GENERATE_INFOPLIST_FILE = YES;
				MARKETING_VERSION = 1.0;
				PRODUCT_BUNDLE_IDENTIFIER = kvn.udderUITests;
				PRODUCT_NAME = "$(TARGET_NAME)";
				SWIFT_EMIT_LOC_STRINGS = NO;
				SWIFT_VERSION = 5.0;
				TARGETED_DEVICE_FAMILY = "1,2";
				TEST_TARGET_NAME = udder;
			};
			name = Debug;
		};
		9CB1E2882C51ECB800B977B0 /* Release */ = {
			isa = XCBuildConfiguration;
			buildSettings = {
				ALWAYS_EMBED_SWIFT_STANDARD_LIBRARIES = YES;
				CODE_SIGN_STYLE = Automatic;
				CURRENT_PROJECT_VERSION = 1;
				DEVELOPMENT_TEAM = MX2MHX42V4;
				GENERATE_INFOPLIST_FILE = YES;
				MARKETING_VERSION = 1.0;
				PRODUCT_BUNDLE_IDENTIFIER = kvn.udderUITests;
				PRODUCT_NAME = "$(TARGET_NAME)";
				SWIFT_EMIT_LOC_STRINGS = NO;
				SWIFT_VERSION = 5.0;
				TARGETED_DEVICE_FAMILY = "1,2";
				TEST_TARGET_NAME = udder;
			};
			name = Release;
		};
/* End XCBuildConfiguration section */

/* Begin XCConfigurationList section */
		9CB1E2512C51ECB700B977B0 /* Build configuration list for PBXProject "udder" */ = {
			isa = XCConfigurationList;
			buildConfigurations = (
				9CB1E27E2C51ECB800B977B0 /* Debug */,
				9CB1E27F2C51ECB800B977B0 /* Release */,
			);
			defaultConfigurationIsVisible = 0;
			defaultConfigurationName = Release;
		};
		9CB1E2802C51ECB800B977B0 /* Build configuration list for PBXNativeTarget "udder" */ = {
			isa = XCConfigurationList;
			buildConfigurations = (
				9CB1E2812C51ECB800B977B0 /* Debug */,
				9CB1E2822C51ECB800B977B0 /* Release */,
			);
			defaultConfigurationIsVisible = 0;
			defaultConfigurationName = Release;
		};
		9CB1E2832C51ECB800B977B0 /* Build configuration list for PBXNativeTarget "udderTests" */ = {
			isa = XCConfigurationList;
			buildConfigurations = (
				9CB1E2842C51ECB800B977B0 /* Debug */,
				9CB1E2852C51ECB800B977B0 /* Release */,
			);
			defaultConfigurationIsVisible = 0;
			defaultConfigurationName = Release;
		};
		9CB1E2862C51ECB800B977B0 /* Build configuration list for PBXNativeTarget "udderUITests" */ = {
			isa = XCConfigurationList;
			buildConfigurations = (
				9CB1E2872C51ECB800B977B0 /* Debug */,
				9CB1E2882C51ECB800B977B0 /* Release */,
			);
			defaultConfigurationIsVisible = 0;
			defaultConfigurationName = Release;
		};
/* End XCConfigurationList section */
	};
	rootObject = 9CB1E24E2C51ECB700B977B0 /* Project object */;
}
